// !$*UTF8*$!
{
	archiveVersion = 1;
	classes = {
	};
	objectVersion = 54;
	objects = {

/* Begin PBXBuildFile section */
		CA600E5B0C273516AE2E4A68 /* Cargo.toml in Sources */ = {isa = PBXBuildFile; fileRef = CA604418DC3E3EF4668187A5 /* Cargo.toml */; settings = {COMPILER_FLAGS = "--lib"; }; };
		CA600E5B0C27B746B82FDEF1 /* Cargo.toml in Sources */ = {isa = PBXBuildFile; fileRef = CA604418DC3E3EF4668187A5 /* Cargo.toml */; settings = {COMPILER_FLAGS = "--bin 'gifski' --features 'binary'"; }; };
		CA600E5B0C27BF94FF34927D /* Cargo.toml in Sources */ = {isa = PBXBuildFile; fileRef = CA604418DC3E3EF4668187A5 /* Cargo.toml */; settings = {COMPILER_FLAGS = "--lib"; }; };
/* End PBXBuildFile section */

/* Begin PBXBuildRule section */
		CA604418DC3EAC6C1400ACA8 /* PBXBuildRule */ = {
			isa = PBXBuildRule;
			compilerSpec = com.apple.compilers.proxy.script;
			dependencyFile = "$(DERIVED_FILE_DIR)/$(CARGO_XCODE_TARGET_ARCH)-$(EXECUTABLE_NAME).d";
			filePatterns = "*/Cargo.toml";
			fileType = pattern.proxy;
			inputFiles = (
			);
			isEditable = 0;
			name = "Cargo project build";
			outputFiles = (
				"$(OBJECT_FILE_DIR)/$(CARGO_XCODE_TARGET_ARCH)-$(EXECUTABLE_NAME)",
			);
			script = "# generated with cargo-xcode 1.5.0\n\nset -eu; export PATH=\"$PATH:$HOME/.cargo/bin:/usr/local/bin\";\nif [ \"${IS_MACCATALYST-NO}\" = YES ]; then\n    CARGO_XCODE_TARGET_TRIPLE=\"${CARGO_XCODE_TARGET_ARCH}-apple-ios-macabi\"\nelse\n    CARGO_XCODE_TARGET_TRIPLE=\"${CARGO_XCODE_TARGET_ARCH}-apple-${CARGO_XCODE_TARGET_OS}\"\nfi\nif [ \"$CARGO_XCODE_TARGET_OS\" != \"darwin\" ]; then\n    PATH=\"${PATH/\\/Contents\\/Developer\\/Toolchains\\/XcodeDefault.xctoolchain\\/usr\\/bin:/xcode-provided-ld-cant-link-lSystem-for-the-host-build-script:}\"\nfi\nPATH=\"$PATH:/opt/homebrew/bin\" # Rust projects often depend on extra tools like nasm, which Xcode lacks\nif [ \"$CARGO_XCODE_BUILD_MODE\" == release ]; then\n    OTHER_INPUT_FILE_FLAGS=\"${OTHER_INPUT_FILE_FLAGS} --release\"\nfi\nif command -v rustup &> /dev/null; then\n    if ! rustup target list --installed | egrep -q \"${CARGO_XCODE_TARGET_TRIPLE}\"; then\n        echo \"warning: this build requires rustup toolchain for $CARGO_XCODE_TARGET_TRIPLE, but it isn't installed\"\n        rustup target add \"${CARGO_XCODE_TARGET_TRIPLE}\" || echo >&2 \"warning: can't install $CARGO_XCODE_TARGET_TRIPLE\"\n    fi\nfi\nif [ \"$ACTION\" = clean ]; then\n ( set -x; cargo clean --manifest-path=\"$SCRIPT_INPUT_FILE\" ${OTHER_INPUT_FILE_FLAGS} --target=\"${CARGO_XCODE_TARGET_TRIPLE}\"; );\nelse\n ( set -x; cargo build --manifest-path=\"$SCRIPT_INPUT_FILE\" --features=\"${CARGO_XCODE_FEATURES:-}\" ${OTHER_INPUT_FILE_FLAGS} --target=\"${CARGO_XCODE_TARGET_TRIPLE}\"; );\nfi\n# it's too hard to explain Cargo's actual exe path to Xcode build graph, so hardlink to a known-good path instead\nBUILT_SRC=\"${CARGO_TARGET_DIR}/${CARGO_XCODE_TARGET_TRIPLE}/${CARGO_XCODE_BUILD_MODE}/${CARGO_XCODE_CARGO_FILE_NAME}\"\nln -f -- \"$BUILT_SRC\" \"$SCRIPT_OUTPUT_FILE_0\"\n\n# xcode generates dep file, but for its own path, so append our rename to it\nDEP_FILE_SRC=\"${CARGO_TARGET_DIR}/${CARGO_XCODE_TARGET_TRIPLE}/${CARGO_XCODE_BUILD_MODE}/${CARGO_XCODE_CARGO_DEP_FILE_NAME}\"\nif [ -f \"$DEP_FILE_SRC\" ]; then\n    DEP_FILE_DST=\"${DERIVED_FILE_DIR}/${CARGO_XCODE_TARGET_ARCH}-${EXECUTABLE_NAME}.d\"\n    cp -f \"$DEP_FILE_SRC\" \"$DEP_FILE_DST\"\n    echo >> \"$DEP_FILE_DST\" \"$SCRIPT_OUTPUT_FILE_0: $BUILT_SRC\"\nfi\n\n# lipo script needs to know all the platform-specific files that have been built\n# archs is in the file name, so that paths don't stay around after archs change\n# must match input for LipoScript\nFILE_LIST=\"${DERIVED_FILE_DIR}/${ARCHS}-${EXECUTABLE_NAME}.xcfilelist\"\ntouch \"$FILE_LIST\"\nif ! egrep -q \"$SCRIPT_OUTPUT_FILE_0\" \"$FILE_LIST\" ; then\n    echo >> \"$FILE_LIST\" \"$SCRIPT_OUTPUT_FILE_0\"\nfi\n";
		};
/* End PBXBuildRule section */

/* Begin PBXFileReference section */
		ADDEDBA66A6E1 /* libresolv.tbd */ = {isa = PBXFileReference; lastKnownFileType = "sourcecode.text-based-dylib-definition"; name = libresolv.tbd; path = usr/lib/libresolv.tbd; sourceTree = SDKROOT; };
		CA601D595CDD8559E8DD8BDF /* gifski.dylib */ = {isa = PBXFileReference; explicitFileType = "compiled.mach-o.dylib"; includeInIndex = 0; path = gifski.dylib; sourceTree = BUILT_PRODUCTS_DIR; };
		CA604418DC3E3EF4668187A5 /* Cargo.toml */ = {isa = PBXFileReference; fileEncoding = 4; lastKnownFileType = text; path = Cargo.toml; sourceTree = "<group>"; };
		CA60C2BE8FF65A689885C260 /* libgifski_static.a */ = {isa = PBXFileReference; explicitFileType = archive.ar; includeInIndex = 0; path = libgifski_static.a; sourceTree = BUILT_PRODUCTS_DIR; };
		CA60CEBAC67DD179B4D3744F /* gifski */ = {isa = PBXFileReference; explicitFileType = "compiled.mach-o.executable"; includeInIndex = 0; path = gifski; sourceTree = BUILT_PRODUCTS_DIR; };
/* End PBXFileReference section */

/* Begin PBXGroup section */
		ADDEDBA66A6E2 /* Required for static linking */ = {
			isa = PBXGroup;
			children = (
				ADDEDBA66A6E1 /* libresolv.tbd */,
			);
			name = "Required for static linking";
			sourceTree = "<group>";
		};
		CA604418DC3E22869D176AE5 /* Products */ = {
			isa = PBXGroup;
			children = (
				CA60C2BE8FF65A689885C260 /* libgifski_static.a */,
				CA601D595CDD8559E8DD8BDF /* gifski.dylib */,
				CA60CEBAC67DD179B4D3744F /* gifski */,
			);
			name = Products;
			sourceTree = "<group>";
		};
		CA604418DC3E98AF0B5890DB /* Frameworks */ = {
			isa = PBXGroup;
			children = (
				ADDEDBA66A6E2 /* Required for static linking */,
			);
			name = Frameworks;
			sourceTree = "<group>";
		};
		CA604418DC3ED65BC3C892A8 = {
			isa = PBXGroup;
			children = (
				CA604418DC3E3EF4668187A5 /* Cargo.toml */,
				CA604418DC3E22869D176AE5 /* Products */,
				CA604418DC3E98AF0B5890DB /* Frameworks */,
			);
			sourceTree = "<group>";
		};
/* End PBXGroup section */

/* Begin PBXNativeTarget section */
		CA601D595CDD3516AE2E4A68 /* gifski-cdylib */ = {
			isa = PBXNativeTarget;
			buildConfigurationList = CA60CC8AF9DA3516AE2E4A68 /* Build configuration list for PBXNativeTarget "gifski-cdylib" */;
			buildPhases = (
				CA6088CC0FBA3516AE2E4A68 /* Sources */,
				CA604418DC3EAF6EBB7F357C /* Universal Binary lipo */,
			);
			buildRules = (
				CA604418DC3EAC6C1400ACA8 /* PBXBuildRule */,
			);
			dependencies = (
			);
			name = "gifski-cdylib";
			productName = gifski.dylib;
			productReference = CA601D595CDD8559E8DD8BDF /* gifski.dylib */;
			productType = "com.apple.product-type.library.dynamic";
		};
		CA60C2BE8FF6BF94FF34927D /* gifski-staticlib */ = {
			isa = PBXNativeTarget;
			buildConfigurationList = CA60CC8AF9DABF94FF34927D /* Build configuration list for PBXNativeTarget "gifski-staticlib" */;
			buildPhases = (
				CA6088CC0FBABF94FF34927D /* Sources */,
				CA604418DC3EAF6EBB7F357C /* Universal Binary lipo */,
			);
			buildRules = (
				CA604418DC3EAC6C1400ACA8 /* PBXBuildRule */,
			);
			dependencies = (
			);
			name = "gifski-staticlib";
			productName = libgifski_static.a;
			productReference = CA60C2BE8FF65A689885C260 /* libgifski_static.a */;
			productType = "com.apple.product-type.library.static";
		};
		CA60CEBAC67DB746B82FDEF1 /* gifski-bin */ = {
			isa = PBXNativeTarget;
			buildConfigurationList = CA60CC8AF9DAB746B82FDEF1 /* Build configuration list for PBXNativeTarget "gifski-bin" */;
			buildPhases = (
				CA6088CC0FBAB746B82FDEF1 /* Sources */,
				CA604418DC3EAF6EBB7F357C /* Universal Binary lipo */,
			);
			buildRules = (
				CA604418DC3EAC6C1400ACA8 /* PBXBuildRule */,
			);
			dependencies = (
			);
			name = "gifski-bin";
			productName = gifski;
			productReference = CA60CEBAC67DD179B4D3744F /* gifski */;
			productType = "com.apple.product-type.tool";
		};
/* End PBXNativeTarget section */

/* Begin PBXProject section */
		CA604418DC3EE04653AD465F /* Project object */ = {
			isa = PBXProject;
			attributes = {
				LastUpgradeCheck = 1300;
				TargetAttributes = {
					CA601D595CDD3516AE2E4A68 = {
						CreatedOnToolsVersion = 9.2;
						ProvisioningStyle = Automatic;
					};
					CA60C2BE8FF6BF94FF34927D = {
						CreatedOnToolsVersion = 9.2;
						ProvisioningStyle = Automatic;
					};
					CA60CEBAC67DB746B82FDEF1 = {
						CreatedOnToolsVersion = 9.2;
						ProvisioningStyle = Automatic;
					};
				};
			};
			buildConfigurationList = CA604418DC3E80E02D6C7F57 /* Build configuration list for PBXProject "gifski" */;
			compatibilityVersion = "Xcode 12.0";
			developmentRegion = en;
			hasScannedForEncodings = 0;
			knownRegions = (
				en,
				Base,
			);
			mainGroup = CA604418DC3ED65BC3C892A8;
			productRefGroup = CA604418DC3E22869D176AE5 /* Products */;
			projectDirPath = "";
			projectRoot = "";
			targets = (
				CA60C2BE8FF6BF94FF34927D /* gifski-staticlib */,
				CA601D595CDD3516AE2E4A68 /* gifski-cdylib */,
				CA60CEBAC67DB746B82FDEF1 /* gifski-bin */,
			);
		};
/* End PBXProject section */

/* Begin PBXShellScriptBuildPhase section */
		CA604418DC3EAF6EBB7F357C /* Universal Binary lipo */ = {
			isa = PBXShellScriptBuildPhase;
			buildActionMask = 2147483647;
			files = (
			);
			inputFileListPaths = (
			);
			inputPaths = (
				"$(DERIVED_FILE_DIR)/$(ARCHS)-$(EXECUTABLE_NAME).xcfilelist",
			);
			name = "Universal Binary lipo";
			outputFileListPaths = (
			);
			outputPaths = (
				"$(TARGET_BUILD_DIR)/$(EXECUTABLE_PATH)",
			);
			runOnlyForDeploymentPostprocessing = 0;
			shellPath = /bin/sh;
			shellScript = "# generated with cargo-xcode 1.5.0\n\n            set -eux; cat \"$DERIVED_FILE_DIR/$ARCHS-$EXECUTABLE_NAME.xcfilelist\" | tr '\\n' '\\0' | xargs -0 lipo -create -output \"$TARGET_BUILD_DIR/$EXECUTABLE_PATH\"\n            if [ ${LD_DYLIB_INSTALL_NAME:+1} ]; then\n                install_name_tool -id \"$LD_DYLIB_INSTALL_NAME\" \"$TARGET_BUILD_DIR/$EXECUTABLE_PATH\"\n            fi\n        ";
		};
/* End PBXShellScriptBuildPhase section */

/* Begin PBXSourcesBuildPhase section */
		CA6088CC0FBA3516AE2E4A68 /* Sources */ = {
			isa = PBXSourcesBuildPhase;
			buildActionMask = 2147483647;
			files = (
				CA600E5B0C273516AE2E4A68 /* Cargo.toml in Sources */,
			);
			runOnlyForDeploymentPostprocessing = 0;
		};
		CA6088CC0FBAB746B82FDEF1 /* Sources */ = {
			isa = PBXSourcesBuildPhase;
			buildActionMask = 2147483647;
			files = (
				CA600E5B0C27B746B82FDEF1 /* Cargo.toml in Sources */,
			);
			runOnlyForDeploymentPostprocessing = 0;
		};
		CA6088CC0FBABF94FF34927D /* Sources */ = {
			isa = PBXSourcesBuildPhase;
			buildActionMask = 2147483647;
			files = (
				CA600E5B0C27BF94FF34927D /* Cargo.toml in Sources */,
			);
			runOnlyForDeploymentPostprocessing = 0;
		};
/* End PBXSourcesBuildPhase section */

/* Begin XCBuildConfiguration section */
		CA6039EB3B273516AE2E4A68 /* Debug */ = {
			isa = XCBuildConfiguration;
			buildSettings = {
				CARGO_XCODE_CARGO_DEP_FILE_NAME = libgifski.d;
				CARGO_XCODE_CARGO_FILE_NAME = libgifski.dylib;
				PRODUCT_NAME = gifski;
				SUPPORTED_PLATFORMS = macosx;
			};
			name = Debug;
		};
		CA6039EB3B27B746B82FDEF1 /* Debug */ = {
			isa = XCBuildConfiguration;
			buildSettings = {
				CARGO_XCODE_CARGO_DEP_FILE_NAME = gifski.d;
				CARGO_XCODE_CARGO_FILE_NAME = gifski;
				PRODUCT_NAME = gifski;
				SUPPORTED_PLATFORMS = macosx;
			};
			name = Debug;
		};
		CA6039EB3B27BF94FF34927D /* Debug */ = {
			isa = XCBuildConfiguration;
			buildSettings = {
				CARGO_XCODE_CARGO_DEP_FILE_NAME = libgifski.d;
				CARGO_XCODE_CARGO_FILE_NAME = libgifski.a;
				INSTALL_GROUP = "";
				INSTALL_MODE_FLAG = "";
				INSTALL_OWNER = "";
				PRODUCT_NAME = gifski_static;
				SKIP_INSTALL = YES;
				SUPPORTED_PLATFORMS = "macosx iphonesimulator iphoneos appletvsimulator appletvos";
			};
			name = Debug;
		};
		CA606B0CD53F228BE02872F8 /* Debug */ = {
			isa = XCBuildConfiguration;
			buildSettings = {
				ALWAYS_SEARCH_USER_PATHS = NO;
				CARGO_TARGET_DIR = "$(PROJECT_TEMP_DIR)/cargo_target";
				CARGO_XCODE_BUILD_MODE = debug;
				CARGO_XCODE_FEATURES = "";
				"CARGO_XCODE_TARGET_ARCH[arch=arm64*]" = aarch64;
				"CARGO_XCODE_TARGET_ARCH[arch=i386]" = i686;
				"CARGO_XCODE_TARGET_ARCH[arch=x86_64*]" = x86_64;
				"CARGO_XCODE_TARGET_OS[sdk=appletvos*]" = tvos;
				"CARGO_XCODE_TARGET_OS[sdk=appletvsimulator*]" = tvos;
				"CARGO_XCODE_TARGET_OS[sdk=iphoneos*]" = ios;
				"CARGO_XCODE_TARGET_OS[sdk=iphonesimulator*]" = "ios-sim";
				"CARGO_XCODE_TARGET_OS[sdk=iphonesimulator*][arch=x86_64*]" = ios;
				"CARGO_XCODE_TARGET_OS[sdk=macosx*]" = darwin;
				CURRENT_PROJECT_VERSION = 1.7;
				MARKETING_VERSION = 1.7.2;
				ONLY_ACTIVE_ARCH = YES;
				PRODUCT_NAME = gifski;
				SDKROOT = macosx;
				SUPPORTS_MACCATALYST = YES;
			};
			name = Debug;
		};
		CA606B0CD53F3CC16B37690B /* Release */ = {
			isa = XCBuildConfiguration;
			buildSettings = {
				ALWAYS_SEARCH_USER_PATHS = NO;
				CARGO_TARGET_DIR = "$(PROJECT_TEMP_DIR)/cargo_target";
				CARGO_XCODE_BUILD_MODE = release;
				CARGO_XCODE_FEATURES = "";
				"CARGO_XCODE_TARGET_ARCH[arch=arm64*]" = aarch64;
				"CARGO_XCODE_TARGET_ARCH[arch=i386]" = i686;
				"CARGO_XCODE_TARGET_ARCH[arch=x86_64*]" = x86_64;
				"CARGO_XCODE_TARGET_OS[sdk=appletvos*]" = tvos;
				"CARGO_XCODE_TARGET_OS[sdk=appletvsimulator*]" = tvos;
				"CARGO_XCODE_TARGET_OS[sdk=iphoneos*]" = ios;
				"CARGO_XCODE_TARGET_OS[sdk=iphonesimulator*]" = "ios-sim";
				"CARGO_XCODE_TARGET_OS[sdk=iphonesimulator*][arch=x86_64*]" = ios;
				"CARGO_XCODE_TARGET_OS[sdk=macosx*]" = darwin;
				CURRENT_PROJECT_VERSION = 1.7;
				MARKETING_VERSION = 1.7.2;
				PRODUCT_NAME = gifski;
				SDKROOT = macosx;
				SUPPORTS_MACCATALYST = YES;
			};
			name = Release;
		};
		CA60FB3576B13516AE2E4A68 /* Release */ = {
			isa = XCBuildConfiguration;
			buildSettings = {
				CARGO_XCODE_CARGO_DEP_FILE_NAME = libgifski.d;
				CARGO_XCODE_CARGO_FILE_NAME = libgifski.dylib;
				PRODUCT_NAME = gifski;
				SUPPORTED_PLATFORMS = macosx;
			};
			name = Release;
		};
		CA60FB3576B1B746B82FDEF1 /* Release */ = {
			isa = XCBuildConfiguration;
			buildSettings = {
				CARGO_XCODE_CARGO_DEP_FILE_NAME = gifski.d;
				CARGO_XCODE_CARGO_FILE_NAME = gifski;
				PRODUCT_NAME = gifski;
				SUPPORTED_PLATFORMS = macosx;
			};
			name = Release;
		};
		CA60FB3576B1BF94FF34927D /* Release */ = {
			isa = XCBuildConfiguration;
			buildSettings = {
				CARGO_XCODE_CARGO_DEP_FILE_NAME = libgifski.d;
				CARGO_XCODE_CARGO_FILE_NAME = libgifski.a;
				INSTALL_GROUP = "";
				INSTALL_MODE_FLAG = "";
				INSTALL_OWNER = "";
				PRODUCT_NAME = gifski_static;
				SKIP_INSTALL = YES;
				SUPPORTED_PLATFORMS = "macosx iphonesimulator iphoneos appletvsimulator appletvos";
			};
			name = Release;
		};
/* End XCBuildConfiguration section */

/* Begin XCConfigurationList section */
		CA604418DC3E80E02D6C7F57 /* Build configuration list for PBXProject "gifski" */ = {
			isa = XCConfigurationList;
			buildConfigurations = (
				CA606B0CD53F3CC16B37690B /* Release */,
				CA606B0CD53F228BE02872F8 /* Debug */,
			);
			defaultConfigurationIsVisible = 0;
			defaultConfigurationName = Release;
		};
		CA60CC8AF9DA3516AE2E4A68 /* Build configuration list for PBXNativeTarget "gifski-cdylib" */ = {
			isa = XCConfigurationList;
			buildConfigurations = (
				CA60FB3576B13516AE2E4A68 /* Release */,
				CA6039EB3B273516AE2E4A68 /* Debug */,
			);
			defaultConfigurationIsVisible = 0;
			defaultConfigurationName = Release;
		};
		CA60CC8AF9DAB746B82FDEF1 /* Build configuration list for PBXNativeTarget "gifski-bin" */ = {
			isa = XCConfigurationList;
			buildConfigurations = (
				CA60FB3576B1B746B82FDEF1 /* Release */,
				CA6039EB3B27B746B82FDEF1 /* Debug */,
			);
			defaultConfigurationIsVisible = 0;
			defaultConfigurationName = Release;
		};
		CA60CC8AF9DABF94FF34927D /* Build configuration list for PBXNativeTarget "gifski-staticlib" */ = {
			isa = XCConfigurationList;
			buildConfigurations = (
				CA60FB3576B1BF94FF34927D /* Release */,
				CA6039EB3B27BF94FF34927D /* Debug */,
			);
			defaultConfigurationIsVisible = 0;
			defaultConfigurationName = Release;
		};
/* End XCConfigurationList section */
	};
	rootObject = CA604418DC3EE04653AD465F /* Project object */;
}
